{
  "requires": true,
  "lockfileVersion": 1,
  "dependencies": {
    "num-words": {
      "version": "1.2.2",
      "resolved": "https://registry.npmjs.org/num-words/-/num-words-1.2.2.tgz",
      "integrity": "sha512-9OrwYwBDosGA46MBeRSioU+9qpqWDDWKvl7xfIuJh1J02zw9trnYHQE+HA8KEfoUqTqK6fGAGf0LSwpZ7HrXKA=="
    }
  }
}
